{
  "name": "mqtt-bun-v2",
  "requires": true,
  "lockfileVersion": 1,
  "dependencies": {
    "pnpm": {
      "version": "8.15.1",
      "resolved": "https://registry.npmjs.org/pnpm/-/pnpm-8.15.1.tgz",
      "integrity": "sha512-gxz0xfi4N0r3FSHU0VPbSdcIbeYVwq98tenX64umMN2sRv6kldZD5VLvLmijqpmj5en77oaWcClnUE31xZyycw=="
    }
  }
}
